// !$*UTF8*$!
{
	archiveVersion = 1;
	classes = {
	};
	objectVersion = 46;
	objects = {

/* Begin PBXBuildFile section */
		0496419915619FD500E3AB9C /* UIKit.framework in Frameworks */ = {isa = PBXBuildFile; fileRef = 0496419815619FD500E3AB9C /* UIKit.framework */; };
		0496419B15619FD500E3AB9C /* Foundation.framework in Frameworks */ = {isa = PBXBuildFile; fileRef = 0496419A15619FD500E3AB9C /* Foundation.framework */; };
		0496419D15619FD500E3AB9C /* CoreGraphics.framework in Frameworks */ = {isa = PBXBuildFile; fileRef = 0496419C15619FD500E3AB9C /* CoreGraphics.framework */; };
		049641BE1561A1C200E3AB9C /* InfoPlist.strings in Resources */ = {isa = PBXBuildFile; fileRef = 049641B51561A1C200E3AB9C /* InfoPlist.strings */; };
		049641BF1561A1C200E3AB9C /* AppDelegate.m in Sources */ = {isa = PBXBuildFile; fileRef = 049641B91561A1C200E3AB9C /* AppDelegate.m */; };
		049641C01561A1C200E3AB9C /* main.m in Sources */ = {isa = PBXBuildFile; fileRef = 049641BB1561A1C200E3AB9C /* main.m */; };
		049641C11561A1C200E3AB9C /* MisoOpenGLES-Framework-Info.plist in Resources */ = {isa = PBXBuildFile; fileRef = 049641BC1561A1C200E3AB9C /* MisoOpenGLES-Framework-Info.plist */; };
		049641C81561A2E200E3AB9C /* CoreFoundation.framework in Frameworks */ = {isa = PBXBuildFile; fileRef = 049641C71561A2E200E3AB9C /* CoreFoundation.framework */; };
		049641CE1561A2E200E3AB9C /* InfoPlist.strings in Resources */ = {isa = PBXBuildFile; fileRef = 049641CC1561A2E200E3AB9C /* InfoPlist.strings */; };
/* End PBXBuildFile section */

/* Begin PBXFileReference section */
		0496419415619FD500E3AB9C /* MisoOpenGLES-App.app */ = {isa = PBXFileReference; explicitFileType = wrapper.application; includeInIndex = 0; path = "MisoOpenGLES-App.app"; sourceTree = BUILT_PRODUCTS_DIR; };
		0496419815619FD500E3AB9C /* UIKit.framework */ = {isa = PBXFileReference; lastKnownFileType = wrapper.framework; name = UIKit.framework; path = System/Library/Frameworks/UIKit.framework; sourceTree = SDKROOT; };
		0496419A15619FD500E3AB9C /* Foundation.framework */ = {isa = PBXFileReference; lastKnownFileType = wrapper.framework; name = Foundation.framework; path = System/Library/Frameworks/Foundation.framework; sourceTree = SDKROOT; };
		0496419C15619FD500E3AB9C /* CoreGraphics.framework */ = {isa = PBXFileReference; lastKnownFileType = wrapper.framework; name = CoreGraphics.framework; path = System/Library/Frameworks/CoreGraphics.framework; sourceTree = SDKROOT; };
		049641B61561A1C200E3AB9C /* en */ = {isa = PBXFileReference; lastKnownFileType = text.plist.strings; name = en; path = en.lproj/InfoPlist.strings; sourceTree = "<group>"; };
		049641B81561A1C200E3AB9C /* AppDelegate.h */ = {isa = PBXFileReference; fileEncoding = 4; lastKnownFileType = sourcecode.c.h; path = AppDelegate.h; sourceTree = "<group>"; };
		049641B91561A1C200E3AB9C /* AppDelegate.m */ = {isa = PBXFileReference; fileEncoding = 4; lastKnownFileType = sourcecode.c.objc; path = AppDelegate.m; sourceTree = "<group>"; };
		049641BB1561A1C200E3AB9C /* main.m */ = {isa = PBXFileReference; fileEncoding = 4; lastKnownFileType = sourcecode.c.objc; path = main.m; sourceTree = "<group>"; };
		049641BC1561A1C200E3AB9C /* MisoOpenGLES-Framework-Info.plist */ = {isa = PBXFileReference; fileEncoding = 4; lastKnownFileType = text.plist.xml; path = "MisoOpenGLES-Framework-Info.plist"; sourceTree = "<group>"; };
		049641BD1561A1C200E3AB9C /* MisoOpenGLES-Framework-Prefix.pch */ = {isa = PBXFileReference; fileEncoding = 4; lastKnownFileType = sourcecode.c.h; path = "MisoOpenGLES-Framework-Prefix.pch"; sourceTree = "<group>"; };
		049641C61561A2E200E3AB9C /* MisoOpenGLES.bundle */ = {isa = PBXFileReference; explicitFileType = wrapper.cfbundle; includeInIndex = 0; path = MisoOpenGLES.bundle; sourceTree = BUILT_PRODUCTS_DIR; };
		049641C71561A2E200E3AB9C /* CoreFoundation.framework */ = {isa = PBXFileReference; lastKnownFileType = wrapper.framework; name = CoreFoundation.framework; path = System/Library/Frameworks/CoreFoundation.framework; sourceTree = SDKROOT; };
		049641CB1561A2E200E3AB9C /* MisoOpenGLES-Info.plist */ = {isa = PBXFileReference; lastKnownFileType = text.plist.xml; path = "MisoOpenGLES-Info.plist"; sourceTree = "<group>"; };
		049641CD1561A2E200E3AB9C /* en */ = {isa = PBXFileReference; lastKnownFileType = text.plist.strings; name = en; path = en.lproj/InfoPlist.strings; sourceTree = "<group>"; };
		049641CF1561A2E200E3AB9C /* MisoOpenGLES-Prefix.pch */ = {isa = PBXFileReference; lastKnownFileType = sourcecode.c.h; path = "MisoOpenGLES-Prefix.pch"; sourceTree = "<group>"; };
/* End PBXFileReference section */

/* Begin PBXFrameworksBuildPhase section */
		0496419115619FD500E3AB9C /* Frameworks */ = {
			isa = PBXFrameworksBuildPhase;
			buildActionMask = 2147483647;
			files = (
				0496419915619FD500E3AB9C /* UIKit.framework in Frameworks */,
				0496419B15619FD500E3AB9C /* Foundation.framework in Frameworks */,
				0496419D15619FD500E3AB9C /* CoreGraphics.framework in Frameworks */,
			);
			runOnlyForDeploymentPostprocessing = 0;
		};
		049641C31561A2E200E3AB9C /* Frameworks */ = {
			isa = PBXFrameworksBuildPhase;
			buildActionMask = 2147483647;
			files = (
				049641C81561A2E200E3AB9C /* CoreFoundation.framework in Frameworks */,
			);
			runOnlyForDeploymentPostprocessing = 0;
		};
/* End PBXFrameworksBuildPhase section */

/* Begin PBXGroup section */
		0496418915619FD500E3AB9C = {
			isa = PBXGroup;
			children = (
				049641B41561A1C200E3AB9C /* MisoOpenGLES-App */,
				049641C91561A2E200E3AB9C /* MisoOpenGLES */,
				0496419715619FD500E3AB9C /* Frameworks */,
				0496419515619FD500E3AB9C /* Products */,
			);
			sourceTree = "<group>";
		};
		0496419515619FD500E3AB9C /* Products */ = {
			isa = PBXGroup;
			children = (
				0496419415619FD500E3AB9C /* MisoOpenGLES-App.app */,
				049641C61561A2E200E3AB9C /* MisoOpenGLES.bundle */,
			);
			name = Products;
			sourceTree = "<group>";
		};
		0496419715619FD500E3AB9C /* Frameworks */ = {
			isa = PBXGroup;
			children = (
				0496419815619FD500E3AB9C /* UIKit.framework */,
				0496419A15619FD500E3AB9C /* Foundation.framework */,
				0496419C15619FD500E3AB9C /* CoreGraphics.framework */,
				049641C71561A2E200E3AB9C /* CoreFoundation.framework */,
			);
			name = Frameworks;
			sourceTree = "<group>";
		};
		049641B41561A1C200E3AB9C /* MisoOpenGLES-App */ = {
			isa = PBXGroup;
			children = (
				049641B51561A1C200E3AB9C /* InfoPlist.strings */,
				049641B71561A1C200E3AB9C /* Source */,
				049641BA1561A1C200E3AB9C /* Support Files */,
			);
			path = "MisoOpenGLES-App";
			sourceTree = "<group>";
		};
		049641B71561A1C200E3AB9C /* Source */ = {
			isa = PBXGroup;
			children = (
				049641B81561A1C200E3AB9C /* AppDelegate.h */,
				049641B91561A1C200E3AB9C /* AppDelegate.m */,
			);
			path = Source;
			sourceTree = "<group>";
		};
		049641BA1561A1C200E3AB9C /* Support Files */ = {
			isa = PBXGroup;
			children = (
				049641BB1561A1C200E3AB9C /* main.m */,
				049641BC1561A1C200E3AB9C /* MisoOpenGLES-Framework-Info.plist */,
				049641BD1561A1C200E3AB9C /* MisoOpenGLES-Framework-Prefix.pch */,
			);
			path = "Support Files";
			sourceTree = "<group>";
		};
		049641C91561A2E200E3AB9C /* MisoOpenGLES */ = {
			isa = PBXGroup;
			children = (
				049641CA1561A2E200E3AB9C /* Supporting Files */,
			);
			path = MisoOpenGLES;
			sourceTree = "<group>";
		};
		049641CA1561A2E200E3AB9C /* Supporting Files */ = {
			isa = PBXGroup;
			children = (
				049641CB1561A2E200E3AB9C /* MisoOpenGLES-Info.plist */,
				049641CC1561A2E200E3AB9C /* InfoPlist.strings */,
				049641CF1561A2E200E3AB9C /* MisoOpenGLES-Prefix.pch */,
			);
			name = "Supporting Files";
			sourceTree = "<group>";
		};
/* End PBXGroup section */

/* Begin PBXNativeTarget section */
		0496419315619FD500E3AB9C /* MisoOpenGLES-App */ = {
			isa = PBXNativeTarget;
			buildConfigurationList = 049641AC15619FD500E3AB9C /* Build configuration list for PBXNativeTarget "MisoOpenGLES-App" */;
			buildPhases = (
				0496419015619FD500E3AB9C /* Sources */,
				0496419115619FD500E3AB9C /* Frameworks */,
				0496419215619FD500E3AB9C /* Resources */,
			);
			buildRules = (
			);
			dependencies = (
			);
			name = "MisoOpenGLES-App";
			productName = "MisoOpenGLES-Framework";
			productReference = 0496419415619FD500E3AB9C /* MisoOpenGLES-App.app */;
			productType = "com.apple.product-type.application";
		};
		049641C51561A2E200E3AB9C /* MisoOpenGLES */ = {
			isa = PBXNativeTarget;
			buildConfigurationList = 049641D01561A2E200E3AB9C /* Build configuration list for PBXNativeTarget "MisoOpenGLES" */;
			buildPhases = (
				049641C21561A2E200E3AB9C /* Sources */,
				049641C31561A2E200E3AB9C /* Frameworks */,
				049641C41561A2E200E3AB9C /* Resources */,
			);
			buildRules = (
			);
			dependencies = (
			);
			name = MisoOpenGLES;
			productName = MisoOpenGLES;
			productReference = 049641C61561A2E200E3AB9C /* MisoOpenGLES.bundle */;
			productType = "com.apple.product-type.bundle";
		};
/* End PBXNativeTarget section */

/* Begin PBXProject section */
		0496418B15619FD500E3AB9C /* Project object */ = {
			isa = PBXProject;
			attributes = {
				LastUpgradeCheck = 0420;
				ORGANIZATIONNAME = "Miso Media";
			};
			buildConfigurationList = 0496418E15619FD500E3AB9C /* Build configuration list for PBXProject "MisoOpenGLES-Framework" */;
			compatibilityVersion = "Xcode 3.2";
			developmentRegion = English;
			hasScannedForEncodings = 0;
			knownRegions = (
				en,
			);
			mainGroup = 0496418915619FD500E3AB9C;
			productRefGroup = 0496419515619FD500E3AB9C /* Products */;
			projectDirPath = "";
			projectRoot = "";
			targets = (
				0496419315619FD500E3AB9C /* MisoOpenGLES-App */,
				049641C51561A2E200E3AB9C /* MisoOpenGLES */,
			);
		};
/* End PBXProject section */

/* Begin PBXResourcesBuildPhase section */
		0496419215619FD500E3AB9C /* Resources */ = {
			isa = PBXResourcesBuildPhase;
			buildActionMask = 2147483647;
			files = (
				049641BE1561A1C200E3AB9C /* InfoPlist.strings in Resources */,
				049641C11561A1C200E3AB9C /* MisoOpenGLES-Framework-Info.plist in Resources */,
			);
			runOnlyForDeploymentPostprocessing = 0;
		};
		049641C41561A2E200E3AB9C /* Resources */ = {
			isa = PBXResourcesBuildPhase;
			buildActionMask = 2147483647;
			files = (
				049641CE1561A2E200E3AB9C /* InfoPlist.strings in Resources */,
			);
			runOnlyForDeploymentPostprocessing = 0;
		};
/* End PBXResourcesBuildPhase section */

/* Begin PBXSourcesBuildPhase section */
		0496419015619FD500E3AB9C /* Sources */ = {
			isa = PBXSourcesBuildPhase;
			buildActionMask = 2147483647;
			files = (
				049641BF1561A1C200E3AB9C /* AppDelegate.m in Sources */,
				049641C01561A1C200E3AB9C /* main.m in Sources */,
			);
			runOnlyForDeploymentPostprocessing = 0;
		};
		049641C21561A2E200E3AB9C /* Sources */ = {
			isa = PBXSourcesBuildPhase;
			buildActionMask = 2147483647;
			files = (
			);
			runOnlyForDeploymentPostprocessing = 0;
		};
/* End PBXSourcesBuildPhase section */

/* Begin PBXVariantGroup section */
		049641B51561A1C200E3AB9C /* InfoPlist.strings */ = {
			isa = PBXVariantGroup;
			children = (
				049641B61561A1C200E3AB9C /* en */,
			);
			name = InfoPlist.strings;
			sourceTree = "<group>";
		};
		049641CC1561A2E200E3AB9C /* InfoPlist.strings */ = {
			isa = PBXVariantGroup;
			children = (
				049641CD1561A2E200E3AB9C /* en */,
			);
			name = InfoPlist.strings;
			sourceTree = "<group>";
		};
/* End PBXVariantGroup section */

/* Begin XCBuildConfiguration section */
		049641AA15619FD500E3AB9C /* Debug */ = {
			isa = XCBuildConfiguration;
			buildSettings = {
				ALWAYS_SEARCH_USER_PATHS = NO;
				ARCHS = (
					"$(ARCHS_STANDARD_32_BIT)",
					armv6,
				);
				CLANG_ENABLE_OBJC_ARC = YES;
				"CODE_SIGN_IDENTITY[sdk=iphoneos*]" = "iPhone Developer";
				COPY_PHASE_STRIP = NO;
				DEAD_CODE_STRIPPING = NO;
				GCC_C_LANGUAGE_STANDARD = gnu99;
				GCC_DYNAMIC_NO_PIC = NO;
				GCC_GENERATE_DEBUGGING_SYMBOLS = NO;
				GCC_OPTIMIZATION_LEVEL = 0;
				GCC_PREPROCESSOR_DEFINITIONS = (
					"DEBUG=1",
					"$(inherited)",
				);
				GCC_SYMBOLS_PRIVATE_EXTERN = NO;
				GCC_VERSION = com.apple.compilers.llvm.clang.1_0;
				GCC_WARN_ABOUT_MISSING_PROTOTYPES = YES;
				GCC_WARN_ABOUT_RETURN_TYPE = YES;
				GCC_WARN_UNUSED_VARIABLE = YES;
				IPHONEOS_DEPLOYMENT_TARGET = 5.0;
				LINK_WITH_STANDARD_LIBRARIES = NO;
				MACH_O_TYPE = mh_object;
				ONLY_ACTIVE_ARCH = NO;
				OTHER_LDFLAGS = "-ObjC";
				SDKROOT = iphoneos;
				TARGETED_DEVICE_FAMILY = "1,2";
				WRAPPER_EXTENSION = framework;
			};
			name = Debug;
		};
		049641AB15619FD500E3AB9C /* Release */ = {
			isa = XCBuildConfiguration;
			buildSettings = {
				ALWAYS_SEARCH_USER_PATHS = NO;
				ARCHS = (
					"$(ARCHS_STANDARD_32_BIT)",
					armv6,
				);
				CLANG_ENABLE_OBJC_ARC = YES;
				"CODE_SIGN_IDENTITY[sdk=iphoneos*]" = "iPhone Developer";
				COPY_PHASE_STRIP = YES;
				DEAD_CODE_STRIPPING = NO;
				GCC_C_LANGUAGE_STANDARD = gnu99;
				GCC_GENERATE_DEBUGGING_SYMBOLS = NO;
				GCC_VERSION = com.apple.compilers.llvm.clang.1_0;
				GCC_WARN_ABOUT_MISSING_PROTOTYPES = YES;
				GCC_WARN_ABOUT_RETURN_TYPE = YES;
				GCC_WARN_UNUSED_VARIABLE = YES;
				IPHONEOS_DEPLOYMENT_TARGET = 5.0;
				LINK_WITH_STANDARD_LIBRARIES = NO;
				MACH_O_TYPE = mh_object;
				ONLY_ACTIVE_ARCH = NO;
				OTHER_CFLAGS = "-DNS_BLOCK_ASSERTIONS=1";
				OTHER_LDFLAGS = "-ObjC";
				SDKROOT = iphoneos;
				TARGETED_DEVICE_FAMILY = "1,2";
				VALIDATE_PRODUCT = YES;
				WRAPPER_EXTENSION = framework;
			};
			name = Release;
		};
		049641AD15619FD500E3AB9C /* Debug */ = {
			isa = XCBuildConfiguration;
			buildSettings = {
				GCC_PRECOMPILE_PREFIX_HEADER = YES;
				GCC_PREFIX_HEADER = "MisoOpenGLES-Framework/MisoOpenGLES-Framework-Prefix.pch";
				INFOPLIST_FILE = "MisoOpenGLES-Framework/MisoOpenGLES-Framework-Info.plist";
				PRODUCT_NAME = "$(TARGET_NAME)";
				WRAPPER_EXTENSION = app;
			};
			name = Debug;
		};
		049641AE15619FD500E3AB9C /* Release */ = {
			isa = XCBuildConfiguration;
			buildSettings = {
				GCC_PRECOMPILE_PREFIX_HEADER = YES;
				GCC_PREFIX_HEADER = "MisoOpenGLES-Framework/MisoOpenGLES-Framework-Prefix.pch";
				INFOPLIST_FILE = "MisoOpenGLES-Framework/MisoOpenGLES-Framework-Info.plist";
				PRODUCT_NAME = "$(TARGET_NAME)";
				WRAPPER_EXTENSION = app;
			};
			name = Release;
		};
		049641D11561A2E200E3AB9C /* Debug */ = {
			isa = XCBuildConfiguration;
			buildSettings = {
				ARCHS = "$(ARCHS_STANDARD_64_BIT)";
				GCC_ENABLE_OBJC_EXCEPTIONS = YES;
				GCC_PRECOMPILE_PREFIX_HEADER = YES;
				GCC_PREFIX_HEADER = "MisoOpenGLES/MisoOpenGLES-Prefix.pch";
				GCC_WARN_64_TO_32_BIT_CONVERSION = YES;
				INFOPLIST_FILE = "MisoOpenGLES/MisoOpenGLES-Info.plist";
				INSTALL_PATH = "$(LOCAL_LIBRARY_DIR)/Bundles";
				MACOSX_DEPLOYMENT_TARGET = 10.6;
				ONLY_ACTIVE_ARCH = YES;
				PRODUCT_NAME = "$(TARGET_NAME)";
				SDKROOT = macosx;
				WRAPPER_EXTENSION = bundle;
			};
			name = Debug;
		};
		049641D21561A2E200E3AB9C /* Release */ = {
			isa = XCBuildConfiguration;
			buildSettings = {
				ARCHS = "$(ARCHS_STANDARD_64_BIT)";
				DEBUG_INFORMATION_FORMAT = "dwarf-with-dsym";
				GCC_ENABLE_OBJC_EXCEPTIONS = YES;
				GCC_PRECOMPILE_PREFIX_HEADER = YES;
				GCC_PREFIX_HEADER = "MisoOpenGLES/MisoOpenGLES-Prefix.pch";
				GCC_WARN_64_TO_32_BIT_CONVERSION = YES;
				INFOPLIST_FILE = "MisoOpenGLES/MisoOpenGLES-Info.plist";
				INSTALL_PATH = "$(LOCAL_LIBRARY_DIR)/Bundles";
				MACOSX_DEPLOYMENT_TARGET = 10.6;
				PRODUCT_NAME = "$(TARGET_NAME)";
				SDKROOT = macosx;
				WRAPPER_EXTENSION = bundle;
			};
			name = Release;
		};
/* End XCBuildConfiguration section */

/* Begin XCConfigurationList section */
		0496418E15619FD500E3AB9C /* Build configuration list for PBXProject "MisoOpenGLES-Framework" */ = {
			isa = XCConfigurationList;
			buildConfigurations = (
				049641AA15619FD500E3AB9C /* Debug */,
				049641AB15619FD500E3AB9C /* Release */,
			);
			defaultConfigurationIsVisible = 0;
			defaultConfigurationName = Release;
		};
		049641AC15619FD500E3AB9C /* Build configuration list for PBXNativeTarget "MisoOpenGLES-App" */ = {
			isa = XCConfigurationList;
			buildConfigurations = (
				049641AD15619FD500E3AB9C /* Debug */,
				049641AE15619FD500E3AB9C /* Release */,
			);
			defaultConfigurationIsVisible = 0;
			defaultConfigurationName = Release;
		};
		049641D01561A2E200E3AB9C /* Build configuration list for PBXNativeTarget "MisoOpenGLES" */ = {
			isa = XCConfigurationList;
			buildConfigurations = (
				049641D11561A2E200E3AB9C /* Debug */,
				049641D21561A2E200E3AB9C /* Release */,
			);
			defaultConfigurationIsVisible = 0;
			defaultConfigurationName = Release;
		};
/* End XCConfigurationList section */
	};
	rootObject = 0496418B15619FD500E3AB9C /* Project object */;
}
