// !$*UTF8*$!
{
	archiveVersion = 1;
	classes = {
	};
	objectVersion = 46;
	objects = {

/* Begin PBXBuildFile section */
		04416B861561726E009302DF /* UIKit.framework in Frameworks */ = {isa = PBXBuildFile; fileRef = 04416B851561726E009302DF /* UIKit.framework */; };
		04416B881561726E009302DF /* Foundation.framework in Frameworks */ = {isa = PBXBuildFile; fileRef = 04416B871561726E009302DF /* Foundation.framework */; };
		04416B8A1561726E009302DF /* CoreGraphics.framework in Frameworks */ = {isa = PBXBuildFile; fileRef = 04416B891561726E009302DF /* CoreGraphics.framework */; };
		04416B901561726E009302DF /* InfoPlist.strings in Resources */ = {isa = PBXBuildFile; fileRef = 04416B8E1561726E009302DF /* InfoPlist.strings */; };
		04416B921561726E009302DF /* main.m in Sources */ = {isa = PBXBuildFile; fileRef = 04416B911561726E009302DF /* main.m */; };
		04416B961561726F009302DF /* AppDelegate.m in Sources */ = {isa = PBXBuildFile; fileRef = 04416B951561726F009302DF /* AppDelegate.m */; };
/* End PBXBuildFile section */

/* Begin PBXFileReference section */
		04416B811561726E009302DF /* MisoOpenGLES.app */ = {isa = PBXFileReference; explicitFileType = wrapper.application; includeInIndex = 0; path = MisoOpenGLES.app; sourceTree = BUILT_PRODUCTS_DIR; };
		04416B851561726E009302DF /* UIKit.framework */ = {isa = PBXFileReference; lastKnownFileType = wrapper.framework; name = UIKit.framework; path = System/Library/Frameworks/UIKit.framework; sourceTree = SDKROOT; };
		04416B871561726E009302DF /* Foundation.framework */ = {isa = PBXFileReference; lastKnownFileType = wrapper.framework; name = Foundation.framework; path = System/Library/Frameworks/Foundation.framework; sourceTree = SDKROOT; };
		04416B891561726E009302DF /* CoreGraphics.framework */ = {isa = PBXFileReference; lastKnownFileType = wrapper.framework; name = CoreGraphics.framework; path = System/Library/Frameworks/CoreGraphics.framework; sourceTree = SDKROOT; };
		04416B8D1561726E009302DF /* MisoOpenGLES-Info.plist */ = {isa = PBXFileReference; lastKnownFileType = text.plist.xml; path = "MisoOpenGLES-Info.plist"; sourceTree = "<group>"; };
		04416B8F1561726E009302DF /* en */ = {isa = PBXFileReference; lastKnownFileType = text.plist.strings; name = en; path = en.lproj/InfoPlist.strings; sourceTree = "<group>"; };
		04416B911561726E009302DF /* main.m */ = {isa = PBXFileReference; lastKnownFileType = sourcecode.c.objc; path = main.m; sourceTree = "<group>"; };
		04416B931561726E009302DF /* MisoOpenGLES-Prefix.pch */ = {isa = PBXFileReference; lastKnownFileType = sourcecode.c.h; path = "MisoOpenGLES-Prefix.pch"; sourceTree = "<group>"; };
		04416B941561726F009302DF /* AppDelegate.h */ = {isa = PBXFileReference; lastKnownFileType = sourcecode.c.h; path = AppDelegate.h; sourceTree = "<group>"; };
		04416B951561726F009302DF /* AppDelegate.m */ = {isa = PBXFileReference; lastKnownFileType = sourcecode.c.objc; path = AppDelegate.m; sourceTree = "<group>"; };
/* End PBXFileReference section */

/* Begin PBXFrameworksBuildPhase section */
		04416B7E1561726E009302DF /* Frameworks */ = {
			isa = PBXFrameworksBuildPhase;
			buildActionMask = 2147483647;
			files = (
				04416B861561726E009302DF /* UIKit.framework in Frameworks */,
				04416B881561726E009302DF /* Foundation.framework in Frameworks */,
				04416B8A1561726E009302DF /* CoreGraphics.framework in Frameworks */,
			);
			runOnlyForDeploymentPostprocessing = 0;
		};
/* End PBXFrameworksBuildPhase section */

/* Begin PBXGroup section */
		04416B761561726D009302DF = {
			isa = PBXGroup;
			children = (
				04416B8B1561726E009302DF /* MisoOpenGLES */,
				04416B841561726E009302DF /* Frameworks */,
				04416B821561726E009302DF /* Products */,
			);
			sourceTree = "<group>";
		};
		04416B821561726E009302DF /* Products */ = {
			isa = PBXGroup;
			children = (
				04416B811561726E009302DF /* MisoOpenGLES.app */,
			);
			name = Products;
			sourceTree = "<group>";
		};
		04416B841561726E009302DF /* Frameworks */ = {
			isa = PBXGroup;
			children = (
				04416B851561726E009302DF /* UIKit.framework */,
				04416B871561726E009302DF /* Foundation.framework */,
				04416B891561726E009302DF /* CoreGraphics.framework */,
			);
			name = Frameworks;
			sourceTree = "<group>";
		};
		04416B8B1561726E009302DF /* MisoOpenGLES */ = {
			isa = PBXGroup;
			children = (
				04416B941561726F009302DF /* AppDelegate.h */,
				04416B951561726F009302DF /* AppDelegate.m */,
				04416B8C1561726E009302DF /* Supporting Files */,
			);
			path = MisoOpenGLES;
			sourceTree = "<group>";
		};
		04416B8C1561726E009302DF /* Supporting Files */ = {
			isa = PBXGroup;
			children = (
				04416B8D1561726E009302DF /* MisoOpenGLES-Info.plist */,
				04416B8E1561726E009302DF /* InfoPlist.strings */,
				04416B911561726E009302DF /* main.m */,
				04416B931561726E009302DF /* MisoOpenGLES-Prefix.pch */,
			);
			name = "Supporting Files";
			sourceTree = "<group>";
		};
/* End PBXGroup section */

/* Begin PBXNativeTarget section */
		04416B801561726E009302DF /* MisoOpenGLES */ = {
			isa = PBXNativeTarget;
			buildConfigurationList = 04416B991561726F009302DF /* Build configuration list for PBXNativeTarget "MisoOpenGLES" */;
			buildPhases = (
				04416B7D1561726E009302DF /* Sources */,
				04416B7E1561726E009302DF /* Frameworks */,
				04416B7F1561726E009302DF /* Resources */,
			);
			buildRules = (
			);
			dependencies = (
			);
			name = MisoOpenGLES;
			productName = MisoOpenGLES;
			productReference = 04416B811561726E009302DF /* MisoOpenGLES.app */;
			productType = "com.apple.product-type.application";
		};
/* End PBXNativeTarget section */

/* Begin PBXProject section */
		04416B781561726D009302DF /* Project object */ = {
			isa = PBXProject;
			attributes = {
				LastUpgradeCheck = 0420;
				ORGANIZATIONNAME = "Miso Media";
			};
			buildConfigurationList = 04416B7B1561726D009302DF /* Build configuration list for PBXProject "MisoOpenGLES" */;
			compatibilityVersion = "Xcode 3.2";
			developmentRegion = English;
			hasScannedForEncodings = 0;
			knownRegions = (
				en,
			);
			mainGroup = 04416B761561726D009302DF;
			productRefGroup = 04416B821561726E009302DF /* Products */;
			projectDirPath = "";
			projectRoot = "";
			targets = (
				04416B801561726E009302DF /* MisoOpenGLES */,
			);
		};
/* End PBXProject section */

/* Begin PBXResourcesBuildPhase section */
		04416B7F1561726E009302DF /* Resources */ = {
			isa = PBXResourcesBuildPhase;
			buildActionMask = 2147483647;
			files = (
				04416B901561726E009302DF /* InfoPlist.strings in Resources */,
			);
			runOnlyForDeploymentPostprocessing = 0;
		};
/* End PBXResourcesBuildPhase section */

/* Begin PBXSourcesBuildPhase section */
		04416B7D1561726E009302DF /* Sources */ = {
			isa = PBXSourcesBuildPhase;
			buildActionMask = 2147483647;
			files = (
				04416B921561726E009302DF /* main.m in Sources */,
				04416B961561726F009302DF /* AppDelegate.m in Sources */,
			);
			runOnlyForDeploymentPostprocessing = 0;
		};
/* End PBXSourcesBuildPhase section */

/* Begin PBXVariantGroup section */
		04416B8E1561726E009302DF /* InfoPlist.strings */ = {
			isa = PBXVariantGroup;
			children = (
				04416B8F1561726E009302DF /* en */,
			);
			name = InfoPlist.strings;
			sourceTree = "<group>";
		};
/* End PBXVariantGroup section */

/* Begin XCBuildConfiguration section */
		04416B971561726F009302DF /* Debug */ = {
			isa = XCBuildConfiguration;
			buildSettings = {
				ALWAYS_SEARCH_USER_PATHS = NO;
				ARCHS = "$(ARCHS_STANDARD_32_BIT)";
				CLANG_ENABLE_OBJC_ARC = YES;
				"CODE_SIGN_IDENTITY[sdk=iphoneos*]" = "iPhone Developer";
				COPY_PHASE_STRIP = NO;
				GCC_C_LANGUAGE_STANDARD = gnu99;
				GCC_DYNAMIC_NO_PIC = NO;
				GCC_OPTIMIZATION_LEVEL = 0;
				GCC_PREPROCESSOR_DEFINITIONS = (
					"DEBUG=1",
					"$(inherited)",
				);
				GCC_SYMBOLS_PRIVATE_EXTERN = NO;
				GCC_VERSION = com.apple.compilers.llvm.clang.1_0;
				GCC_WARN_ABOUT_MISSING_PROTOTYPES = YES;
				GCC_WARN_ABOUT_RETURN_TYPE = YES;
				GCC_WARN_UNUSED_VARIABLE = YES;
				IPHONEOS_DEPLOYMENT_TARGET = 5.0;
				SDKROOT = iphoneos;
				TARGETED_DEVICE_FAMILY = "1,2";
			};
			name = Debug;
		};
		04416B981561726F009302DF /* Release */ = {
			isa = XCBuildConfiguration;
			buildSettings = {
				ALWAYS_SEARCH_USER_PATHS = NO;
				ARCHS = "$(ARCHS_STANDARD_32_BIT)";
				CLANG_ENABLE_OBJC_ARC = YES;
				"CODE_SIGN_IDENTITY[sdk=iphoneos*]" = "iPhone Developer";
				COPY_PHASE_STRIP = YES;
				GCC_C_LANGUAGE_STANDARD = gnu99;
				GCC_VERSION = com.apple.compilers.llvm.clang.1_0;
				GCC_WARN_ABOUT_MISSING_PROTOTYPES = YES;
				GCC_WARN_ABOUT_RETURN_TYPE = YES;
				GCC_WARN_UNUSED_VARIABLE = YES;
				IPHONEOS_DEPLOYMENT_TARGET = 5.0;
				OTHER_CFLAGS = "-DNS_BLOCK_ASSERTIONS=1";
				SDKROOT = iphoneos;
				TARGETED_DEVICE_FAMILY = "1,2";
				VALIDATE_PRODUCT = YES;
			};
			name = Release;
		};
		04416B9A1561726F009302DF /* Debug */ = {
			isa = XCBuildConfiguration;
			buildSettings = {
				GCC_PRECOMPILE_PREFIX_HEADER = YES;
				GCC_PREFIX_HEADER = "MisoOpenGLES/MisoOpenGLES-Prefix.pch";
				INFOPLIST_FILE = "MisoOpenGLES/MisoOpenGLES-Info.plist";
				PRODUCT_NAME = "$(TARGET_NAME)";
				WRAPPER_EXTENSION = app;
			};
			name = Debug;
		};
		04416B9B1561726F009302DF /* Release */ = {
			isa = XCBuildConfiguration;
			buildSettings = {
				GCC_PRECOMPILE_PREFIX_HEADER = YES;
				GCC_PREFIX_HEADER = "MisoOpenGLES/MisoOpenGLES-Prefix.pch";
				INFOPLIST_FILE = "MisoOpenGLES/MisoOpenGLES-Info.plist";
				PRODUCT_NAME = "$(TARGET_NAME)";
				WRAPPER_EXTENSION = app;
			};
			name = Release;
		};
/* End XCBuildConfiguration section */

/* Begin XCConfigurationList section */
		04416B7B1561726D009302DF /* Build configuration list for PBXProject "MisoOpenGLES" */ = {
			isa = XCConfigurationList;
			buildConfigurations = (
				04416B971561726F009302DF /* Debug */,
				04416B981561726F009302DF /* Release */,
			);
			defaultConfigurationIsVisible = 0;
			defaultConfigurationName = Release;
		};
		04416B991561726F009302DF /* Build configuration list for PBXNativeTarget "MisoOpenGLES" */ = {
			isa = XCConfigurationList;
			buildConfigurations = (
				04416B9A1561726F009302DF /* Debug */,
				04416B9B1561726F009302DF /* Release */,
			);
			defaultConfigurationIsVisible = 0;
		};
/* End XCConfigurationList section */
	};
	rootObject = 04416B781561726D009302DF /* Project object */;
}
